
Microsoft Visual Studio Solution File, Format Version 12.00
# Visual Studio Version 17
VisualStudioVersion = 17.11.35327.3
MinimumVisualStudioVersion = 10.0.40219.1
Project("{FAE04EC0-301F-11D3-BF4B-00C04F79EFBC}") = "DefaultAndOptionalParameter", "CSharp_Keyword\DefaultAndOptionalParameter.csproj", "{B5598912-1EFE-4A76-BF50-5832170976B0}"
EndProject
Project("{FAE04EC0-301F-11D3-BF4B-00C04F79EFBC}") = "ConstandReadOnlyKeyword", "ConstandReadOnlyKeyword\ConstandReadOnlyKeyword.csproj", "{55D0B6B2-6ACF-46A1-8D4F-B877356D579F}"
EndProject
Project("{FAE04EC0-301F-11D3-BF4B-00C04F79EFBC}") = "Param_Keyword", "Param_Keyword\Param_Keyword.csproj", "{C64B9B14-087E-4176-A957-86F8DC7B005E}"
EndProject
Project("{FAE04EC0-301F-11D3-BF4B-00C04F79EFBC}") = "Containment", "Containment\Containment.csproj", "{A29C6911-3D2D-40E0-8BEB-53529161E188}"
EndProject
Project("{FAE04EC0-301F-11D3-BF4B-00C04F79EFBC}") = "Assignment", "Assignment\Assignment.csproj", "{3BB1CE40-45EE-4A5A-8F31-8ADD6F82A1A1}"
EndProject
Project("{FAE04EC0-301F-11D3-BF4B-00C04F79EFBC}") = "RefandOut_keyword", "RefandOut_keyword\RefandOut_keyword.csproj", "{E0C74466-804B-4235-B62D-70422D8C41D9}"
EndProject
Global
	GlobalSection(SolutionConfigurationPlatforms) = preSolution
		Debug|Any CPU = Debug|Any CPU
		Release|Any CPU = Release|Any CPU
	EndGlobalSection
	GlobalSection(ProjectConfigurationPlatforms) = postSolution
		{B5598912-1EFE-4A76-BF50-5832170976B0}.Debug|Any CPU.ActiveCfg = Debug|Any CPU
		{B5598912-1EFE-4A76-BF50-5832170976B0}.Debug|Any CPU.Build.0 = Debug|Any CPU
		{B5598912-1EFE-4A76-BF50-5832170976B0}.Release|Any CPU.ActiveCfg = Release|Any CPU
		{B5598912-1EFE-4A76-BF50-5832170976B0}.Release|Any CPU.Build.0 = Release|Any CPU
		{55D0B6B2-6ACF-46A1-8D4F-B877356D579F}.Debug|Any CPU.ActiveCfg = Debug|Any CPU
		{55D0B6B2-6ACF-46A1-8D4F-B877356D579F}.Debug|Any CPU.Build.0 = Debug|Any CPU
		{55D0B6B2-6ACF-46A1-8D4F-B877356D579F}.Release|Any CPU.ActiveCfg = Release|Any CPU
		{55D0B6B2-6ACF-46A1-8D4F-B877356D579F}.Release|Any CPU.Build.0 = Release|Any CPU
		{C64B9B14-087E-4176-A957-86F8DC7B005E}.Debug|Any CPU.ActiveCfg = Debug|Any CPU
		{C64B9B14-087E-4176-A957-86F8DC7B005E}.Debug|Any CPU.Build.0 = Debug|Any CPU
		{C64B9B14-087E-4176-A957-86F8DC7B005E}.Release|Any CPU.ActiveCfg = Release|Any CPU
		{C64B9B14-087E-4176-A957-86F8DC7B005E}.Release|Any CPU.Build.0 = Release|Any CPU
		{A29C6911-3D2D-40E0-8BEB-53529161E188}.Debug|Any CPU.ActiveCfg = Debug|Any CPU
		{A29C6911-3D2D-40E0-8BEB-53529161E188}.Debug|Any CPU.Build.0 = Debug|Any CPU
		{A29C6911-3D2D-40E0-8BEB-53529161E188}.Release|Any CPU.ActiveCfg = Release|Any CPU
		{A29C6911-3D2D-40E0-8BEB-53529161E188}.Release|Any CPU.Build.0 = Release|Any CPU
		{3BB1CE40-45EE-4A5A-8F31-8ADD6F82A1A1}.Debug|Any CPU.ActiveCfg = Debug|Any CPU
		{3BB1CE40-45EE-4A5A-8F31-8ADD6F82A1A1}.Debug|Any CPU.Build.0 = Debug|Any CPU
		{3BB1CE40-45EE-4A5A-8F31-8ADD6F82A1A1}.Release|Any CPU.ActiveCfg = Release|Any CPU
		{3BB1CE40-45EE-4A5A-8F31-8ADD6F82A1A1}.Release|Any CPU.Build.0 = Release|Any CPU
		{E0C74466-804B-4235-B62D-70422D8C41D9}.Debug|Any CPU.ActiveCfg = Debug|Any CPU
		{E0C74466-804B-4235-B62D-70422D8C41D9}.Debug|Any CPU.Build.0 = Debug|Any CPU
		{E0C74466-804B-4235-B62D-70422D8C41D9}.Release|Any CPU.ActiveCfg = Release|Any CPU
		{E0C74466-804B-4235-B62D-70422D8C41D9}.Release|Any CPU.Build.0 = Release|Any CPU
	EndGlobalSection
	GlobalSection(SolutionProperties) = preSolution
		HideSolutionNode = FALSE
	EndGlobalSection
	GlobalSection(ExtensibilityGlobals) = postSolution
		SolutionGuid = {0CA89477-8D5A-4F2F-BAD1-6EF19DB652B3}
	EndGlobalSection
EndGlobal
